
Microsoft Visual Studio Solution File, Format Version 12.00
# Visual Studio Version 17
VisualStudioVersion = 17.1.32407.343
MinimumVisualStudioVersion = 10.0.40219.1
Project("{FAE04EC0-301F-11D3-BF4B-00C04F79EFBC}") = "ViewStructure", "ViewStructure\ViewStructure.csproj", "{4F4A44BE-A9C2-489A-A49F-DE11CC4751B8}"
EndProject
Global
	GlobalSection(SolutionConfigurationPlatforms) = preSolution
		Debug|Any CPU = Debug|Any CPU
		Release|Any CPU = Release|Any CPU
	EndGlobalSection
	GlobalSection(ProjectConfigurationPlatforms) = postSolution
		{4F4A44BE-A9C2-489A-A49F-DE11CC4751B8}.Debug|Any CPU.ActiveCfg = Debug|Any CPU
		{4F4A44BE-A9C2-489A-A49F-DE11CC4751B8}.Debug|Any CPU.Build.0 = Debug|Any CPU
		{4F4A44BE-A9C2-489A-A49F-DE11CC4751B8}.Release|Any CPU.ActiveCfg = Release|Any CPU
		{4F4A44BE-A9C2-489A-A49F-DE11CC4751B8}.Release|Any CPU.Build.0 = Release|Any CPU
	EndGlobalSection
	GlobalSection(SolutionProperties) = preSolution
		HideSolutionNode = FALSE
	EndGlobalSection
	GlobalSection(ExtensibilityGlobals) = postSolution
		SolutionGuid = {EA8287BE-8C59-4094-BB28-2EF8F9C7014F}
	EndGlobalSection
EndGlobal
