
Microsoft Visual Studio Solution File, Format Version 12.00
# Visual Studio Version 17
VisualStudioVersion = 17.0.32112.339
MinimumVisualStudioVersion = 10.0.40219.1
Project("{9A19103F-16F7-4668-BE54-9A1E7A4F7556}") = "Entities", "Entities\Entities.csproj", "{83384E18-31FE-4D38-BEAC-6B2FACCE563E}"
EndProject
Project("{9A19103F-16F7-4668-BE54-9A1E7A4F7556}") = "DataAccess", "DataAccess\DataAccess.csproj", "{5DBE17EB-B345-4B51-B375-48D87D23004F}"
EndProject
Project("{9A19103F-16F7-4668-BE54-9A1E7A4F7556}") = "Business", "Business\Business.csproj", "{D6D45E7B-4937-4FA1-9435-DE3F1C1977FA}"
EndProject
Project("{9A19103F-16F7-4668-BE54-9A1E7A4F7556}") = "Core", "Core\Core.csproj", "{6E4BE82E-E455-445D-832D-E0E37B2393A5}"
EndProject
Project("{FAE04EC0-301F-11D3-BF4B-00C04F79EFBC}") = "ConsoleUI", "ConsoleUI\ConsoleUI.csproj", "{E8497F18-4CFF-48D0-9767-A0E481D414FC}"
EndProject
Global
	GlobalSection(SolutionConfigurationPlatforms) = preSolution
		Debug|Any CPU = Debug|Any CPU
		Release|Any CPU = Release|Any CPU
	EndGlobalSection
	GlobalSection(ProjectConfigurationPlatforms) = postSolution
		{83384E18-31FE-4D38-BEAC-6B2FACCE563E}.Debug|Any CPU.ActiveCfg = Debug|Any CPU
		{83384E18-31FE-4D38-BEAC-6B2FACCE563E}.Debug|Any CPU.Build.0 = Debug|Any CPU
		{83384E18-31FE-4D38-BEAC-6B2FACCE563E}.Release|Any CPU.ActiveCfg = Release|Any CPU
		{83384E18-31FE-4D38-BEAC-6B2FACCE563E}.Release|Any CPU.Build.0 = Release|Any CPU
		{5DBE17EB-B345-4B51-B375-48D87D23004F}.Debug|Any CPU.ActiveCfg = Debug|Any CPU
		{5DBE17EB-B345-4B51-B375-48D87D23004F}.Debug|Any CPU.Build.0 = Debug|Any CPU
		{5DBE17EB-B345-4B51-B375-48D87D23004F}.Release|Any CPU.ActiveCfg = Release|Any CPU
		{5DBE17EB-B345-4B51-B375-48D87D23004F}.Release|Any CPU.Build.0 = Release|Any CPU
		{D6D45E7B-4937-4FA1-9435-DE3F1C1977FA}.Debug|Any CPU.ActiveCfg = Debug|Any CPU
		{D6D45E7B-4937-4FA1-9435-DE3F1C1977FA}.Debug|Any CPU.Build.0 = Debug|Any CPU
		{D6D45E7B-4937-4FA1-9435-DE3F1C1977FA}.Release|Any CPU.ActiveCfg = Release|Any CPU
		{D6D45E7B-4937-4FA1-9435-DE3F1C1977FA}.Release|Any CPU.Build.0 = Release|Any CPU
		{6E4BE82E-E455-445D-832D-E0E37B2393A5}.Debug|Any CPU.ActiveCfg = Debug|Any CPU
		{6E4BE82E-E455-445D-832D-E0E37B2393A5}.Debug|Any CPU.Build.0 = Debug|Any CPU
		{6E4BE82E-E455-445D-832D-E0E37B2393A5}.Release|Any CPU.ActiveCfg = Release|Any CPU
		{6E4BE82E-E455-445D-832D-E0E37B2393A5}.Release|Any CPU.Build.0 = Release|Any CPU
		{E8497F18-4CFF-48D0-9767-A0E481D414FC}.Debug|Any CPU.ActiveCfg = Debug|Any CPU
		{E8497F18-4CFF-48D0-9767-A0E481D414FC}.Debug|Any CPU.Build.0 = Debug|Any CPU
		{E8497F18-4CFF-48D0-9767-A0E481D414FC}.Release|Any CPU.ActiveCfg = Release|Any CPU
		{E8497F18-4CFF-48D0-9767-A0E481D414FC}.Release|Any CPU.Build.0 = Release|Any CPU
	EndGlobalSection
	GlobalSection(SolutionProperties) = preSolution
		HideSolutionNode = FALSE
	EndGlobalSection
	GlobalSection(ExtensibilityGlobals) = postSolution
		SolutionGuid = {2BC19B12-F20A-4960-B6C5-EBB571A05212}
	EndGlobalSection
EndGlobal
