
Microsoft Visual Studio Solution File, Format Version 12.00
# Visual Studio Version 17
VisualStudioVersion = 17.1.32407.343
MinimumVisualStudioVersion = 10.0.40219.1
Project("{FAE04EC0-301F-11D3-BF4B-00C04F79EFBC}") = "Interfaces", "Interfaces\Interfaces.csproj", "{CBD55BEA-E7A8-476E-B9B5-43752AD01AD3}"
EndProject
Global
	GlobalSection(SolutionConfigurationPlatforms) = preSolution
		Debug|Any CPU = Debug|Any CPU
		Release|Any CPU = Release|Any CPU
	EndGlobalSection
	GlobalSection(ProjectConfigurationPlatforms) = postSolution
		{CBD55BEA-E7A8-476E-B9B5-43752AD01AD3}.Debug|Any CPU.ActiveCfg = Debug|Any CPU
		{CBD55BEA-E7A8-476E-B9B5-43752AD01AD3}.Debug|Any CPU.Build.0 = Debug|Any CPU
		{CBD55BEA-E7A8-476E-B9B5-43752AD01AD3}.Release|Any CPU.ActiveCfg = Release|Any CPU
		{CBD55BEA-E7A8-476E-B9B5-43752AD01AD3}.Release|Any CPU.Build.0 = Release|Any CPU
	EndGlobalSection
	GlobalSection(SolutionProperties) = preSolution
		HideSolutionNode = FALSE
	EndGlobalSection
	GlobalSection(ExtensibilityGlobals) = postSolution
		SolutionGuid = {1A565F0E-94EA-4FC4-8349-2818C5DF92A0}
	EndGlobalSection
EndGlobal
