
Microsoft Visual Studio Solution File, Format Version 12.00
# Visual Studio Version 17
VisualStudioVersion = 17.1.32228.430
MinimumVisualStudioVersion = 10.0.40219.1
Project("{FAE04EC0-301F-11D3-BF4B-00C04F79EFBC}") = "GRSYKitapEvi", "GRSYKitapEvi.csproj", "{2A61E63E-34B7-4200-8021-842751F84F2B}"
EndProject
Project("{FAE04EC0-301F-11D3-BF4B-00C04F79EFBC}") = "GRSYKitapEvi_DataAccess", "..\GRSYKitapEvi_DataAccess\GRSYKitapEvi_DataAccess.csproj", "{6791CC0E-F11A-427B-9675-62F8C7A8E01E}"
EndProject
Project("{FAE04EC0-301F-11D3-BF4B-00C04F79EFBC}") = "GRSYKitapEvi_Entity", "..\GRSYKitapEvi_Entity\GRSYKitapEvi_Entity.csproj", "{8A698BA3-9139-4275-846D-D0E92230D947}"
EndProject
Global
	GlobalSection(SolutionConfigurationPlatforms) = preSolution
		Debug|Any CPU = Debug|Any CPU
		Release|Any CPU = Release|Any CPU
	EndGlobalSection
	GlobalSection(ProjectConfigurationPlatforms) = postSolution
		{2A61E63E-34B7-4200-8021-842751F84F2B}.Debug|Any CPU.ActiveCfg = Debug|Any CPU
		{2A61E63E-34B7-4200-8021-842751F84F2B}.Debug|Any CPU.Build.0 = Debug|Any CPU
		{2A61E63E-34B7-4200-8021-842751F84F2B}.Release|Any CPU.ActiveCfg = Release|Any CPU
		{2A61E63E-34B7-4200-8021-842751F84F2B}.Release|Any CPU.Build.0 = Release|Any CPU
		{6791CC0E-F11A-427B-9675-62F8C7A8E01E}.Debug|Any CPU.ActiveCfg = Debug|Any CPU
		{6791CC0E-F11A-427B-9675-62F8C7A8E01E}.Debug|Any CPU.Build.0 = Debug|Any CPU
		{6791CC0E-F11A-427B-9675-62F8C7A8E01E}.Release|Any CPU.ActiveCfg = Release|Any CPU
		{6791CC0E-F11A-427B-9675-62F8C7A8E01E}.Release|Any CPU.Build.0 = Release|Any CPU
		{8A698BA3-9139-4275-846D-D0E92230D947}.Debug|Any CPU.ActiveCfg = Debug|Any CPU
		{8A698BA3-9139-4275-846D-D0E92230D947}.Debug|Any CPU.Build.0 = Debug|Any CPU
		{8A698BA3-9139-4275-846D-D0E92230D947}.Release|Any CPU.ActiveCfg = Release|Any CPU
		{8A698BA3-9139-4275-846D-D0E92230D947}.Release|Any CPU.Build.0 = Release|Any CPU
	EndGlobalSection
	GlobalSection(SolutionProperties) = preSolution
		HideSolutionNode = FALSE
	EndGlobalSection
	GlobalSection(ExtensibilityGlobals) = postSolution
		SolutionGuid = {4F2BBB80-421A-445E-8552-4AF057B00D0E}
	EndGlobalSection
EndGlobal
