
Microsoft Visual Studio Solution File, Format Version 12.00
# Visual Studio Version 17
VisualStudioVersion = 17.1.32228.430
MinimumVisualStudioVersion = 10.0.40219.1
Project("{FAE04EC0-301F-11D3-BF4B-00C04F79EFBC}") = "Entities", "Entities\Entities.csproj", "{6F73CF5E-0CC6-4B4D-9B5B-4FD8101D1954}"
EndProject
Project("{FAE04EC0-301F-11D3-BF4B-00C04F79EFBC}") = "DataAccess", "DataAccess\DataAccess.csproj", "{E91DAC10-5C9D-464C-BE0F-C634311F7DAC}"
EndProject
Project("{FAE04EC0-301F-11D3-BF4B-00C04F79EFBC}") = "Business", "Business\Business.csproj", "{8D59697E-FEE3-4E3A-8A3D-4799F6DCC455}"
EndProject
Project("{FAE04EC0-301F-11D3-BF4B-00C04F79EFBC}") = "Core", "Core\Core.csproj", "{FB3CA265-9967-4E74-AB4C-9F2CAF6B9AB1}"
EndProject
Project("{FAE04EC0-301F-11D3-BF4B-00C04F79EFBC}") = "WebAPI", "WebAPI\WebAPI.csproj", "{45CD9095-A8FE-4B48-9622-0ADBF514C235}"
EndProject
Global
	GlobalSection(SolutionConfigurationPlatforms) = preSolution
		Debug|Any CPU = Debug|Any CPU
		Release|Any CPU = Release|Any CPU
	EndGlobalSection
	GlobalSection(ProjectConfigurationPlatforms) = postSolution
		{6F73CF5E-0CC6-4B4D-9B5B-4FD8101D1954}.Debug|Any CPU.ActiveCfg = Debug|Any CPU
		{6F73CF5E-0CC6-4B4D-9B5B-4FD8101D1954}.Debug|Any CPU.Build.0 = Debug|Any CPU
		{6F73CF5E-0CC6-4B4D-9B5B-4FD8101D1954}.Release|Any CPU.ActiveCfg = Release|Any CPU
		{6F73CF5E-0CC6-4B4D-9B5B-4FD8101D1954}.Release|Any CPU.Build.0 = Release|Any CPU
		{E91DAC10-5C9D-464C-BE0F-C634311F7DAC}.Debug|Any CPU.ActiveCfg = Debug|Any CPU
		{E91DAC10-5C9D-464C-BE0F-C634311F7DAC}.Debug|Any CPU.Build.0 = Debug|Any CPU
		{E91DAC10-5C9D-464C-BE0F-C634311F7DAC}.Release|Any CPU.ActiveCfg = Release|Any CPU
		{E91DAC10-5C9D-464C-BE0F-C634311F7DAC}.Release|Any CPU.Build.0 = Release|Any CPU
		{8D59697E-FEE3-4E3A-8A3D-4799F6DCC455}.Debug|Any CPU.ActiveCfg = Debug|Any CPU
		{8D59697E-FEE3-4E3A-8A3D-4799F6DCC455}.Debug|Any CPU.Build.0 = Debug|Any CPU
		{8D59697E-FEE3-4E3A-8A3D-4799F6DCC455}.Release|Any CPU.ActiveCfg = Release|Any CPU
		{8D59697E-FEE3-4E3A-8A3D-4799F6DCC455}.Release|Any CPU.Build.0 = Release|Any CPU
		{FB3CA265-9967-4E74-AB4C-9F2CAF6B9AB1}.Debug|Any CPU.ActiveCfg = Debug|Any CPU
		{FB3CA265-9967-4E74-AB4C-9F2CAF6B9AB1}.Debug|Any CPU.Build.0 = Debug|Any CPU
		{FB3CA265-9967-4E74-AB4C-9F2CAF6B9AB1}.Release|Any CPU.ActiveCfg = Release|Any CPU
		{FB3CA265-9967-4E74-AB4C-9F2CAF6B9AB1}.Release|Any CPU.Build.0 = Release|Any CPU
		{45CD9095-A8FE-4B48-9622-0ADBF514C235}.Debug|Any CPU.ActiveCfg = Debug|Any CPU
		{45CD9095-A8FE-4B48-9622-0ADBF514C235}.Debug|Any CPU.Build.0 = Debug|Any CPU
		{45CD9095-A8FE-4B48-9622-0ADBF514C235}.Release|Any CPU.ActiveCfg = Release|Any CPU
		{45CD9095-A8FE-4B48-9622-0ADBF514C235}.Release|Any CPU.Build.0 = Release|Any CPU
	EndGlobalSection
	GlobalSection(SolutionProperties) = preSolution
		HideSolutionNode = FALSE
	EndGlobalSection
	GlobalSection(ExtensibilityGlobals) = postSolution
		SolutionGuid = {4EE67290-12D6-4230-A25E-2F2B2E900B11}
	EndGlobalSection
EndGlobal
