
Microsoft Visual Studio Solution File, Format Version 12.00
# Visual Studio Version 17
VisualStudioVersion = 17.1.32407.343
MinimumVisualStudioVersion = 10.0.40219.1
Project("{FAE04EC0-301F-11D3-BF4B-00C04F79EFBC}") = "Directory.DAL", "Directory.DAL\Directory.DAL.csproj", "{2AE8D366-6C75-4DBD-ACAC-1CE427F47950}"
EndProject
Project("{FAE04EC0-301F-11D3-BF4B-00C04F79EFBC}") = "Directory.BLL", "Directory.BLL\Directory.BLL.csproj", "{866623BA-172A-449B-9E23-0FF54BE53613}"
EndProject
Project("{FAE04EC0-301F-11D3-BF4B-00C04F79EFBC}") = "Directory.UI", "Directory.UI\Directory.UI.csproj", "{B3F324B5-1DB7-4B2C-83D6-4370456196EB}"
EndProject
Project("{FAE04EC0-301F-11D3-BF4B-00C04F79EFBC}") = "Directory.MODEL", "Directory.MODEL\Directory.MODEL.csproj", "{C75366D1-55BB-4195-9B54-5BDC2D0815E0}"
EndProject
Project("{FAE04EC0-301F-11D3-BF4B-00C04F79EFBC}") = "Directory.MAP", "Directory.MAP\Directory.MAP.csproj", "{C2B32B4B-F416-471B-B596-603B71E66D42}"
EndProject
Global
	GlobalSection(SolutionConfigurationPlatforms) = preSolution
		Debug|Any CPU = Debug|Any CPU
		Release|Any CPU = Release|Any CPU
	EndGlobalSection
	GlobalSection(ProjectConfigurationPlatforms) = postSolution
		{2AE8D366-6C75-4DBD-ACAC-1CE427F47950}.Debug|Any CPU.ActiveCfg = Debug|Any CPU
		{2AE8D366-6C75-4DBD-ACAC-1CE427F47950}.Debug|Any CPU.Build.0 = Debug|Any CPU
		{2AE8D366-6C75-4DBD-ACAC-1CE427F47950}.Release|Any CPU.ActiveCfg = Release|Any CPU
		{2AE8D366-6C75-4DBD-ACAC-1CE427F47950}.Release|Any CPU.Build.0 = Release|Any CPU
		{866623BA-172A-449B-9E23-0FF54BE53613}.Debug|Any CPU.ActiveCfg = Debug|Any CPU
		{866623BA-172A-449B-9E23-0FF54BE53613}.Debug|Any CPU.Build.0 = Debug|Any CPU
		{866623BA-172A-449B-9E23-0FF54BE53613}.Release|Any CPU.ActiveCfg = Release|Any CPU
		{866623BA-172A-449B-9E23-0FF54BE53613}.Release|Any CPU.Build.0 = Release|Any CPU
		{B3F324B5-1DB7-4B2C-83D6-4370456196EB}.Debug|Any CPU.ActiveCfg = Debug|Any CPU
		{B3F324B5-1DB7-4B2C-83D6-4370456196EB}.Debug|Any CPU.Build.0 = Debug|Any CPU
		{B3F324B5-1DB7-4B2C-83D6-4370456196EB}.Release|Any CPU.ActiveCfg = Release|Any CPU
		{B3F324B5-1DB7-4B2C-83D6-4370456196EB}.Release|Any CPU.Build.0 = Release|Any CPU
		{C75366D1-55BB-4195-9B54-5BDC2D0815E0}.Debug|Any CPU.ActiveCfg = Debug|Any CPU
		{C75366D1-55BB-4195-9B54-5BDC2D0815E0}.Debug|Any CPU.Build.0 = Debug|Any CPU
		{C75366D1-55BB-4195-9B54-5BDC2D0815E0}.Release|Any CPU.ActiveCfg = Release|Any CPU
		{C75366D1-55BB-4195-9B54-5BDC2D0815E0}.Release|Any CPU.Build.0 = Release|Any CPU
		{C2B32B4B-F416-471B-B596-603B71E66D42}.Debug|Any CPU.ActiveCfg = Debug|Any CPU
		{C2B32B4B-F416-471B-B596-603B71E66D42}.Debug|Any CPU.Build.0 = Debug|Any CPU
		{C2B32B4B-F416-471B-B596-603B71E66D42}.Release|Any CPU.ActiveCfg = Release|Any CPU
		{C2B32B4B-F416-471B-B596-603B71E66D42}.Release|Any CPU.Build.0 = Release|Any CPU
	EndGlobalSection
	GlobalSection(SolutionProperties) = preSolution
		HideSolutionNode = FALSE
	EndGlobalSection
	GlobalSection(ExtensibilityGlobals) = postSolution
		SolutionGuid = {CBAB4016-12D5-4481-8189-E1B86CDCD6B4}
	EndGlobalSection
EndGlobal
