
Microsoft Visual Studio Solution File, Format Version 12.00
# Visual Studio Version 17
VisualStudioVersion = 17.1.32228.430
MinimumVisualStudioVersion = 10.0.40219.1
Project("{FAE04EC0-301F-11D3-BF4B-00C04F79EFBC}") = "OrnekProje", "OrnekProje\OrnekProje.csproj", "{87413585-8FF5-4AF5-A89C-3CB50E2055BB}"
EndProject
Global
	GlobalSection(SolutionConfigurationPlatforms) = preSolution
		Debug|Any CPU = Debug|Any CPU
		Release|Any CPU = Release|Any CPU
	EndGlobalSection
	GlobalSection(ProjectConfigurationPlatforms) = postSolution
		{87413585-8FF5-4AF5-A89C-3CB50E2055BB}.Debug|Any CPU.ActiveCfg = Debug|Any CPU
		{87413585-8FF5-4AF5-A89C-3CB50E2055BB}.Debug|Any CPU.Build.0 = Debug|Any CPU
		{87413585-8FF5-4AF5-A89C-3CB50E2055BB}.Release|Any CPU.ActiveCfg = Release|Any CPU
		{87413585-8FF5-4AF5-A89C-3CB50E2055BB}.Release|Any CPU.Build.0 = Release|Any CPU
	EndGlobalSection
	GlobalSection(SolutionProperties) = preSolution
		HideSolutionNode = FALSE
	EndGlobalSection
	GlobalSection(ExtensibilityGlobals) = postSolution
		SolutionGuid = {DED5509D-3452-43FF-89E7-DDE33004CEF0}
	EndGlobalSection
EndGlobal
