
Microsoft Visual Studio Solution File, Format Version 12.00
# Visual Studio Version 17
VisualStudioVersion = 17.1.32407.343
MinimumVisualStudioVersion = 10.0.40219.1
Project("{FAE04EC0-301F-11D3-BF4B-00C04F79EFBC}") = "IoCContainer", "IoCContainer\IoCContainer.csproj", "{A2A612B3-0DCF-4AB7-86D9-AFC846A63FE7}"
EndProject
Global
	GlobalSection(SolutionConfigurationPlatforms) = preSolution
		Debug|Any CPU = Debug|Any CPU
		Release|Any CPU = Release|Any CPU
	EndGlobalSection
	GlobalSection(ProjectConfigurationPlatforms) = postSolution
		{A2A612B3-0DCF-4AB7-86D9-AFC846A63FE7}.Debug|Any CPU.ActiveCfg = Debug|Any CPU
		{A2A612B3-0DCF-4AB7-86D9-AFC846A63FE7}.Debug|Any CPU.Build.0 = Debug|Any CPU
		{A2A612B3-0DCF-4AB7-86D9-AFC846A63FE7}.Release|Any CPU.ActiveCfg = Release|Any CPU
		{A2A612B3-0DCF-4AB7-86D9-AFC846A63FE7}.Release|Any CPU.Build.0 = Release|Any CPU
	EndGlobalSection
	GlobalSection(SolutionProperties) = preSolution
		HideSolutionNode = FALSE
	EndGlobalSection
	GlobalSection(ExtensibilityGlobals) = postSolution
		SolutionGuid = {633A9FED-38C9-4957-932B-0B0730F4F1D7}
	EndGlobalSection
EndGlobal
