
Microsoft Visual Studio Solution File, Format Version 12.00
# Visual Studio Version 17
VisualStudioVersion = 17.1.32228.430
MinimumVisualStudioVersion = 10.0.40219.1
Project("{FAE04EC0-301F-11D3-BF4B-00C04F79EFBC}") = "OOP", "OOP\OOP.csproj", "{96171B40-93E4-4925-85A8-97A38C869C3C}"
EndProject
Project("{FAE04EC0-301F-11D3-BF4B-00C04F79EFBC}") = "AccessModifiers", "AccessModifiers\AccessModifiers.csproj", "{B70155B3-B2B9-4225-96F1-D5E1FBA87267}"
EndProject
Global
	GlobalSection(SolutionConfigurationPlatforms) = preSolution
		Debug|Any CPU = Debug|Any CPU
		Release|Any CPU = Release|Any CPU
	EndGlobalSection
	GlobalSection(ProjectConfigurationPlatforms) = postSolution
		{96171B40-93E4-4925-85A8-97A38C869C3C}.Debug|Any CPU.ActiveCfg = Debug|Any CPU
		{96171B40-93E4-4925-85A8-97A38C869C3C}.Debug|Any CPU.Build.0 = Debug|Any CPU
		{96171B40-93E4-4925-85A8-97A38C869C3C}.Release|Any CPU.ActiveCfg = Release|Any CPU
		{96171B40-93E4-4925-85A8-97A38C869C3C}.Release|Any CPU.Build.0 = Release|Any CPU
		{B70155B3-B2B9-4225-96F1-D5E1FBA87267}.Debug|Any CPU.ActiveCfg = Debug|Any CPU
		{B70155B3-B2B9-4225-96F1-D5E1FBA87267}.Debug|Any CPU.Build.0 = Debug|Any CPU
		{B70155B3-B2B9-4225-96F1-D5E1FBA87267}.Release|Any CPU.ActiveCfg = Release|Any CPU
		{B70155B3-B2B9-4225-96F1-D5E1FBA87267}.Release|Any CPU.Build.0 = Release|Any CPU
	EndGlobalSection
	GlobalSection(SolutionProperties) = preSolution
		HideSolutionNode = FALSE
	EndGlobalSection
	GlobalSection(ExtensibilityGlobals) = postSolution
		SolutionGuid = {01894FBD-45A8-4BBB-96E0-F1E65955D7E7}
	EndGlobalSection
EndGlobal
