
Microsoft Visual Studio Solution File, Format Version 12.00
# Visual Studio Version 17
VisualStudioVersion = 17.0.32112.339
MinimumVisualStudioVersion = 10.0.40219.1
Project("{9A19103F-16F7-4668-BE54-9A1E7A4F7556}") = "DataAccess", "DataAccess\DataAccess.csproj", "{D221B072-C750-4DD0-80CB-B360525F4A32}"
EndProject
Project("{9A19103F-16F7-4668-BE54-9A1E7A4F7556}") = "Business", "Business\Business.csproj", "{C66FB890-5A14-44ED-B1D7-E863D951A7F8}"
EndProject
Project("{9A19103F-16F7-4668-BE54-9A1E7A4F7556}") = "Entities", "Entities\Entities.csproj", "{4A752235-28E4-4897-A9ED-A02E5827BE52}"
EndProject
Project("{9A19103F-16F7-4668-BE54-9A1E7A4F7556}") = "ConsoleUI", "ConsoleUI\ConsoleUI.csproj", "{A216635F-2E55-4B5F-A461-DEC9853211A3}"
EndProject
Project("{FAE04EC0-301F-11D3-BF4B-00C04F79EFBC}") = "Core", "Core\Core.csproj", "{66D9442B-5B7A-480C-96BE-D419E2C6EAC3}"
EndProject
Global
	GlobalSection(SolutionConfigurationPlatforms) = preSolution
		Debug|Any CPU = Debug|Any CPU
		Release|Any CPU = Release|Any CPU
	EndGlobalSection
	GlobalSection(ProjectConfigurationPlatforms) = postSolution
		{D221B072-C750-4DD0-80CB-B360525F4A32}.Debug|Any CPU.ActiveCfg = Debug|Any CPU
		{D221B072-C750-4DD0-80CB-B360525F4A32}.Debug|Any CPU.Build.0 = Debug|Any CPU
		{D221B072-C750-4DD0-80CB-B360525F4A32}.Release|Any CPU.ActiveCfg = Release|Any CPU
		{D221B072-C750-4DD0-80CB-B360525F4A32}.Release|Any CPU.Build.0 = Release|Any CPU
		{C66FB890-5A14-44ED-B1D7-E863D951A7F8}.Debug|Any CPU.ActiveCfg = Debug|Any CPU
		{C66FB890-5A14-44ED-B1D7-E863D951A7F8}.Debug|Any CPU.Build.0 = Debug|Any CPU
		{C66FB890-5A14-44ED-B1D7-E863D951A7F8}.Release|Any CPU.ActiveCfg = Release|Any CPU
		{C66FB890-5A14-44ED-B1D7-E863D951A7F8}.Release|Any CPU.Build.0 = Release|Any CPU
		{4A752235-28E4-4897-A9ED-A02E5827BE52}.Debug|Any CPU.ActiveCfg = Debug|Any CPU
		{4A752235-28E4-4897-A9ED-A02E5827BE52}.Debug|Any CPU.Build.0 = Debug|Any CPU
		{4A752235-28E4-4897-A9ED-A02E5827BE52}.Release|Any CPU.ActiveCfg = Release|Any CPU
		{4A752235-28E4-4897-A9ED-A02E5827BE52}.Release|Any CPU.Build.0 = Release|Any CPU
		{A216635F-2E55-4B5F-A461-DEC9853211A3}.Debug|Any CPU.ActiveCfg = Debug|Any CPU
		{A216635F-2E55-4B5F-A461-DEC9853211A3}.Debug|Any CPU.Build.0 = Debug|Any CPU
		{A216635F-2E55-4B5F-A461-DEC9853211A3}.Release|Any CPU.ActiveCfg = Release|Any CPU
		{A216635F-2E55-4B5F-A461-DEC9853211A3}.Release|Any CPU.Build.0 = Release|Any CPU
		{66D9442B-5B7A-480C-96BE-D419E2C6EAC3}.Debug|Any CPU.ActiveCfg = Debug|Any CPU
		{66D9442B-5B7A-480C-96BE-D419E2C6EAC3}.Debug|Any CPU.Build.0 = Debug|Any CPU
		{66D9442B-5B7A-480C-96BE-D419E2C6EAC3}.Release|Any CPU.ActiveCfg = Release|Any CPU
		{66D9442B-5B7A-480C-96BE-D419E2C6EAC3}.Release|Any CPU.Build.0 = Release|Any CPU
	EndGlobalSection
	GlobalSection(SolutionProperties) = preSolution
		HideSolutionNode = FALSE
	EndGlobalSection
	GlobalSection(ExtensibilityGlobals) = postSolution
		SolutionGuid = {17C6F137-4639-46BB-9D49-6703012DEF9C}
	EndGlobalSection
EndGlobal
