
Microsoft Visual Studio Solution File, Format Version 12.00
# Visual Studio Version 17
VisualStudioVersion = 17.1.32228.430
MinimumVisualStudioVersion = 10.0.40219.1
Project("{FAE04EC0-301F-11D3-BF4B-00C04F79EFBC}") = "Array", "Array\Array.csproj", "{6046354A-5866-47E0-AAC3-FB14A790B857}"
EndProject
Global
	GlobalSection(SolutionConfigurationPlatforms) = preSolution
		Debug|Any CPU = Debug|Any CPU
		Release|Any CPU = Release|Any CPU
	EndGlobalSection
	GlobalSection(ProjectConfigurationPlatforms) = postSolution
		{6046354A-5866-47E0-AAC3-FB14A790B857}.Debug|Any CPU.ActiveCfg = Debug|Any CPU
		{6046354A-5866-47E0-AAC3-FB14A790B857}.Debug|Any CPU.Build.0 = Debug|Any CPU
		{6046354A-5866-47E0-AAC3-FB14A790B857}.Release|Any CPU.ActiveCfg = Release|Any CPU
		{6046354A-5866-47E0-AAC3-FB14A790B857}.Release|Any CPU.Build.0 = Release|Any CPU
	EndGlobalSection
	GlobalSection(SolutionProperties) = preSolution
		HideSolutionNode = FALSE
	EndGlobalSection
	GlobalSection(ExtensibilityGlobals) = postSolution
		SolutionGuid = {16480161-85A5-40F8-86A4-1BF4458C6E33}
	EndGlobalSection
EndGlobal
